PODS:
  - AvoidCrash (2.5.2)
  - Bugly (2.5.0)
  - JCore (1.1.9)
  - JPush (3.0.2):
    - JCore (~> 1.1.1)
  - UMCAnalytics (5.5.0):
    - UMCCommon
  - UMCCommon (1.5.0)
  - UMCSecurityPlugins (1.0.6)

DEPENDENCIES:
  - AvoidCrash (~> 2.5.2)
  - Bugly
  - JPush (= 3.0.2)
  - UMCAnalytics
  - UMCCommon
  - UMCSecurityPlugins

SPEC REPOS:
  https://github.com/CocoaPods/Specs.git:
    - AvoidCrash
    - Bugly
    - JCore
    - JPush
    - UMCAnalytics
    - UMCCommon
    - UMCSecurityPlugins

SPEC CHECKSUMS:
  AvoidCrash: 28c6916fe19bd2b84126b8dec7cbe61c9a12741d
  Bugly: 3ca9f255c01025582df26f9222893b383c7e4b4e
  JCore: 27598485098d0db99d2812cba048003457d08cfb
  JPush: 01a693fafe51b93eafc2e368bbc7a7cc07e12ce4
  UMCAnalytics: 4667788559a72f2fa5077117d1b8802a3b6eb6bb
  UMCCommon: 82d21f4bb9532a5472cc533bbd8ed48aff376a14
  UMCSecurityPlugins: 0831a08f3988f3cea9f1d3a7626cd9bee4fef150

PODFILE CHECKSUM: 7f3ca6e60d78f67a4b8136a604f92b25c3c29238

COCOAPODS: 1.5.0
