// !$*UTF8*$!
{
	archiveVersion = 1;
	classes = {
	};
	objectVersion = 50;
	objects = {

/* Begin PBXBuildFile section */
		2329529A209034A000EBD41F /* AppDelegate+UMAnalytics.m in Sources */ = {isa = PBXBuildFile; fileRef = 23295299209034A000EBD41F /* AppDelegate+UMAnalytics.m */; };
		232BD45D209182FA005E6E09 /* AppDelegate+ThirdPort.m in Sources */ = {isa = PBXBuildFile; fileRef = 232BD45C209182FA005E6E09 /* AppDelegate+ThirdPort.m */; };
		232BD4722091A87A005E6E09 /* BaseViewController.m in Sources */ = {isa = PBXBuildFile; fileRef = 232BD4712091A87A005E6E09 /* BaseViewController.m */; };
		232BD4782091A8E1005E6E09 /* BaseView.m in Sources */ = {isa = PBXBuildFile; fileRef = 232BD4772091A8E1005E6E09 /* BaseView.m */; };
		232BD47B2091A8F0005E6E09 /* BaseModel.m in Sources */ = {isa = PBXBuildFile; fileRef = 232BD47A2091A8F0005E6E09 /* BaseModel.m */; };
		232BD47E2091A9C3005E6E09 /* SpringVC.m in Sources */ = {isa = PBXBuildFile; fileRef = 232BD47D2091A9C3005E6E09 /* SpringVC.m */; };
		232BD4812091A9D4005E6E09 /* SummerVC.m in Sources */ = {isa = PBXBuildFile; fileRef = 232BD4802091A9D4005E6E09 /* SummerVC.m */; };
		232BD4842091A9EE005E6E09 /* AutumnVC.m in Sources */ = {isa = PBXBuildFile; fileRef = 232BD4832091A9EE005E6E09 /* AutumnVC.m */; };
		232BD4872091AA02005E6E09 /* WinterVC.m in Sources */ = {isa = PBXBuildFile; fileRef = 232BD4862091AA02005E6E09 /* WinterVC.m */; };
		232BD48B2091AA6E005E6E09 /* BaseTabbarVC.m in Sources */ = {isa = PBXBuildFile; fileRef = 232BD48A2091AA6E005E6E09 /* BaseTabbarVC.m */; };
		232BD48E2091AA8C005E6E09 /* RootTabbarVC.m in Sources */ = {isa = PBXBuildFile; fileRef = 232BD48D2091AA8C005E6E09 /* RootTabbarVC.m */; };
		232BD4912091ABFB005E6E09 /* BaseNavigationController.m in Sources */ = {isa = PBXBuildFile; fileRef = 232BD4902091ABFB005E6E09 /* BaseNavigationController.m */; };
		232BD4942091AE03005E6E09 /* Helper.m in Sources */ = {isa = PBXBuildFile; fileRef = 232BD4922091AE03005E6E09 /* Helper.m */; };
		234D2B07208EFEB300AF8279 /* AppDelegate.m in Sources */ = {isa = PBXBuildFile; fileRef = 234D2B06208EFEB300AF8279 /* AppDelegate.m */; };
		234D2B0A208EFEB300AF8279 /* ViewController.m in Sources */ = {isa = PBXBuildFile; fileRef = 234D2B09208EFEB300AF8279 /* ViewController.m */; };
		234D2B0D208EFEB300AF8279 /* Main.storyboard in Resources */ = {isa = PBXBuildFile; fileRef = 234D2B0B208EFEB300AF8279 /* Main.storyboard */; };
		234D2B0F208EFEB500AF8279 /* Assets.xcassets in Resources */ = {isa = PBXBuildFile; fileRef = 234D2B0E208EFEB500AF8279 /* Assets.xcassets */; };
		234D2B12208EFEB500AF8279 /* LaunchScreen.storyboard in Resources */ = {isa = PBXBuildFile; fileRef = 234D2B10208EFEB500AF8279 /* LaunchScreen.storyboard */; };
		234D2B15208EFEB500AF8279 /* main.m in Sources */ = {isa = PBXBuildFile; fileRef = 234D2B14208EFEB500AF8279 /* main.m */; };
		234D2B1F208F07A900AF8279 /* AppDelegate+Bugly.m in Sources */ = {isa = PBXBuildFile; fileRef = 234D2B1E208F07A900AF8279 /* AppDelegate+Bugly.m */; };
		234D2B23208F350D00AF8279 /* AppDelegate+JPush.m in Sources */ = {isa = PBXBuildFile; fileRef = 234D2B21208F350C00AF8279 /* AppDelegate+JPush.m */; };
		528BA6FD1695D9A365C5BF0A /* Pods_MHZCollectionItems.framework in Frameworks */ = {isa = PBXBuildFile; fileRef = 065533BBCBD4AC6FB26599D0 /* Pods_MHZCollectionItems.framework */; };
/* End PBXBuildFile section */

/* Begin PBXFileReference section */
		065533BBCBD4AC6FB26599D0 /* Pods_MHZCollectionItems.framework */ = {isa = PBXFileReference; explicitFileType = wrapper.framework; includeInIndex = 0; path = Pods_MHZCollectionItems.framework; sourceTree = BUILT_PRODUCTS_DIR; };
		2329529420902C1400EBD41F /* Header.h */ = {isa = PBXFileReference; lastKnownFileType = sourcecode.c.h; path = Header.h; sourceTree = "<group>"; };
		23295298209034A000EBD41F /* AppDelegate+UMAnalytics.h */ = {isa = PBXFileReference; lastKnownFileType = sourcecode.c.h; path = "AppDelegate+UMAnalytics.h"; sourceTree = "<group>"; };
		23295299209034A000EBD41F /* AppDelegate+UMAnalytics.m */ = {isa = PBXFileReference; lastKnownFileType = sourcecode.c.objc; path = "AppDelegate+UMAnalytics.m"; sourceTree = "<group>"; };
		232BD45B209182FA005E6E09 /* AppDelegate+ThirdPort.h */ = {isa = PBXFileReference; lastKnownFileType = sourcecode.c.h; path = "AppDelegate+ThirdPort.h"; sourceTree = "<group>"; };
		232BD45C209182FA005E6E09 /* AppDelegate+ThirdPort.m */ = {isa = PBXFileReference; lastKnownFileType = sourcecode.c.objc; path = "AppDelegate+ThirdPort.m"; sourceTree = "<group>"; };
		232BD4702091A87A005E6E09 /* BaseViewController.h */ = {isa = PBXFileReference; lastKnownFileType = sourcecode.c.h; path = BaseViewController.h; sourceTree = "<group>"; };
		232BD4712091A87A005E6E09 /* BaseViewController.m */ = {isa = PBXFileReference; lastKnownFileType = sourcecode.c.objc; path = BaseViewController.m; sourceTree = "<group>"; };
		232BD4762091A8E1005E6E09 /* BaseView.h */ = {isa = PBXFileReference; lastKnownFileType = sourcecode.c.h; path = BaseView.h; sourceTree = "<group>"; };
		232BD4772091A8E1005E6E09 /* BaseView.m */ = {isa = PBXFileReference; lastKnownFileType = sourcecode.c.objc; path = BaseView.m; sourceTree = "<group>"; };
		232BD4792091A8F0005E6E09 /* BaseModel.h */ = {isa = PBXFileReference; lastKnownFileType = sourcecode.c.h; path = BaseModel.h; sourceTree = "<group>"; };
		232BD47A2091A8F0005E6E09 /* BaseModel.m */ = {isa = PBXFileReference; lastKnownFileType = sourcecode.c.objc; path = BaseModel.m; sourceTree = "<group>"; };
		232BD47C2091A9C3005E6E09 /* SpringVC.h */ = {isa = PBXFileReference; lastKnownFileType = sourcecode.c.h; path = SpringVC.h; sourceTree = "<group>"; };
		232BD47D2091A9C3005E6E09 /* SpringVC.m */ = {isa = PBXFileReference; lastKnownFileType = sourcecode.c.objc; path = SpringVC.m; sourceTree = "<group>"; };
		232BD47F2091A9D4005E6E09 /* SummerVC.h */ = {isa = PBXFileReference; lastKnownFileType = sourcecode.c.h; path = SummerVC.h; sourceTree = "<group>"; };
		232BD4802091A9D4005E6E09 /* SummerVC.m */ = {isa = PBXFileReference; lastKnownFileType = sourcecode.c.objc; path = SummerVC.m; sourceTree = "<group>"; };
		232BD4822091A9EE005E6E09 /* AutumnVC.h */ = {isa = PBXFileReference; lastKnownFileType = sourcecode.c.h; path = AutumnVC.h; sourceTree = "<group>"; };
		232BD4832091A9EE005E6E09 /* AutumnVC.m */ = {isa = PBXFileReference; lastKnownFileType = sourcecode.c.objc; path = AutumnVC.m; sourceTree = "<group>"; };
		232BD4852091AA02005E6E09 /* WinterVC.h */ = {isa = PBXFileReference; lastKnownFileType = sourcecode.c.h; path = WinterVC.h; sourceTree = "<group>"; };
		232BD4862091AA02005E6E09 /* WinterVC.m */ = {isa = PBXFileReference; lastKnownFileType = sourcecode.c.objc; path = WinterVC.m; sourceTree = "<group>"; };
		232BD4892091AA6E005E6E09 /* BaseTabbarVC.h */ = {isa = PBXFileReference; lastKnownFileType = sourcecode.c.h; path = BaseTabbarVC.h; sourceTree = "<group>"; };
		232BD48A2091AA6E005E6E09 /* BaseTabbarVC.m */ = {isa = PBXFileReference; lastKnownFileType = sourcecode.c.objc; path = BaseTabbarVC.m; sourceTree = "<group>"; };
		232BD48C2091AA8C005E6E09 /* RootTabbarVC.h */ = {isa = PBXFileReference; lastKnownFileType = sourcecode.c.h; path = RootTabbarVC.h; sourceTree = "<group>"; };
		232BD48D2091AA8C005E6E09 /* RootTabbarVC.m */ = {isa = PBXFileReference; lastKnownFileType = sourcecode.c.objc; path = RootTabbarVC.m; sourceTree = "<group>"; };
		232BD48F2091ABFB005E6E09 /* BaseNavigationController.h */ = {isa = PBXFileReference; lastKnownFileType = sourcecode.c.h; path = BaseNavigationController.h; sourceTree = "<group>"; };
		232BD4902091ABFB005E6E09 /* BaseNavigationController.m */ = {isa = PBXFileReference; lastKnownFileType = sourcecode.c.objc; path = BaseNavigationController.m; sourceTree = "<group>"; };
		232BD4922091AE03005E6E09 /* Helper.m */ = {isa = PBXFileReference; fileEncoding = 4; lastKnownFileType = sourcecode.c.objc; path = Helper.m; sourceTree = "<group>"; };
		232BD4932091AE03005E6E09 /* Helper.h */ = {isa = PBXFileReference; fileEncoding = 4; lastKnownFileType = sourcecode.c.h; path = Helper.h; sourceTree = "<group>"; };
		232BD4952091B15E005E6E09 /* Defines.h */ = {isa = PBXFileReference; fileEncoding = 4; lastKnownFileType = sourcecode.c.h; path = Defines.h; sourceTree = "<group>"; };
		232BD4972091B3D0005E6E09 /* BaseSetting.h */ = {isa = PBXFileReference; fileEncoding = 4; lastKnownFileType = sourcecode.c.h; path = BaseSetting.h; sourceTree = "<group>"; };
		234D2B02208EFEB300AF8279 /* MHZCollectionItems.app */ = {isa = PBXFileReference; explicitFileType = wrapper.application; includeInIndex = 0; path = MHZCollectionItems.app; sourceTree = BUILT_PRODUCTS_DIR; };
		234D2B05208EFEB300AF8279 /* AppDelegate.h */ = {isa = PBXFileReference; lastKnownFileType = sourcecode.c.h; path = AppDelegate.h; sourceTree = "<group>"; };
		234D2B06208EFEB300AF8279 /* AppDelegate.m */ = {isa = PBXFileReference; lastKnownFileType = sourcecode.c.objc; path = AppDelegate.m; sourceTree = "<group>"; };
		234D2B08208EFEB300AF8279 /* ViewController.h */ = {isa = PBXFileReference; lastKnownFileType = sourcecode.c.h; path = ViewController.h; sourceTree = "<group>"; };
		234D2B09208EFEB300AF8279 /* ViewController.m */ = {isa = PBXFileReference; lastKnownFileType = sourcecode.c.objc; path = ViewController.m; sourceTree = "<group>"; };
		234D2B0C208EFEB300AF8279 /* Base */ = {isa = PBXFileReference; lastKnownFileType = file.storyboard; name = Base; path = Base.lproj/Main.storyboard; sourceTree = "<group>"; };
		234D2B0E208EFEB500AF8279 /* Assets.xcassets */ = {isa = PBXFileReference; lastKnownFileType = folder.assetcatalog; path = Assets.xcassets; sourceTree = "<group>"; };
		234D2B11208EFEB500AF8279 /* Base */ = {isa = PBXFileReference; lastKnownFileType = file.storyboard; name = Base; path = Base.lproj/LaunchScreen.storyboard; sourceTree = "<group>"; };
		234D2B13208EFEB500AF8279 /* Info.plist */ = {isa = PBXFileReference; lastKnownFileType = text.plist.xml; path = Info.plist; sourceTree = "<group>"; };
		234D2B14208EFEB500AF8279 /* main.m */ = {isa = PBXFileReference; lastKnownFileType = sourcecode.c.objc; path = main.m; sourceTree = "<group>"; };
		234D2B1D208F07A900AF8279 /* AppDelegate+Bugly.h */ = {isa = PBXFileReference; lastKnownFileType = sourcecode.c.h; path = "AppDelegate+Bugly.h"; sourceTree = "<group>"; };
		234D2B1E208F07A900AF8279 /* AppDelegate+Bugly.m */ = {isa = PBXFileReference; lastKnownFileType = sourcecode.c.objc; path = "AppDelegate+Bugly.m"; sourceTree = "<group>"; };
		234D2B21208F350C00AF8279 /* AppDelegate+JPush.m */ = {isa = PBXFileReference; fileEncoding = 4; lastKnownFileType = sourcecode.c.objc; path = "AppDelegate+JPush.m"; sourceTree = "<group>"; };
		234D2B22208F350C00AF8279 /* AppDelegate+JPush.h */ = {isa = PBXFileReference; fileEncoding = 4; lastKnownFileType = sourcecode.c.h; path = "AppDelegate+JPush.h"; sourceTree = "<group>"; };
		BAB1244E75E263488729A4FE /* Pods-MHZCollectionItems.release.xcconfig */ = {isa = PBXFileReference; includeInIndex = 1; lastKnownFileType = text.xcconfig; name = "Pods-MHZCollectionItems.release.xcconfig"; path = "Pods/Target Support Files/Pods-MHZCollectionItems/Pods-MHZCollectionItems.release.xcconfig"; sourceTree = "<group>"; };
		D1C70CD59D625F93669C8121 /* Pods-MHZCollectionItems.debug.xcconfig */ = {isa = PBXFileReference; includeInIndex = 1; lastKnownFileType = text.xcconfig; name = "Pods-MHZCollectionItems.debug.xcconfig"; path = "Pods/Target Support Files/Pods-MHZCollectionItems/Pods-MHZCollectionItems.debug.xcconfig"; sourceTree = "<group>"; };
/* End PBXFileReference section */

/* Begin PBXFrameworksBuildPhase section */
		234D2AFF208EFEB300AF8279 /* Frameworks */ = {
			isa = PBXFrameworksBuildPhase;
			buildActionMask = 2147483647;
			files = (
				528BA6FD1695D9A365C5BF0A /* Pods_MHZCollectionItems.framework in Frameworks */,
			);
			runOnlyForDeploymentPostprocessing = 0;
		};
/* End PBXFrameworksBuildPhase section */

/* Begin PBXGroup section */
		2329529320902BEB00EBD41F /* Utils */ = {
			isa = PBXGroup;
			children = (
				232BD4952091B15E005E6E09 /* Defines.h */,
				232BD4932091AE03005E6E09 /* Helper.h */,
				232BD4922091AE03005E6E09 /* Helper.m */,
			);
			path = Utils;
			sourceTree = "<group>";
		};
		232BD45E2091A7D2005E6E09 /* Class */ = {
			isa = PBXGroup;
			children = (
				232BD4602091A7D2005E6E09 /* OneClass */,
				232BD4622091A7D2005E6E09 /* TwoClass */,
				232BD4612091A7D2005E6E09 /* ThreeClass */,
				232BD45F2091A7D2005E6E09 /* FourClass */,
			);
			path = Class;
			sourceTree = "<group>";
		};
		232BD45F2091A7D2005E6E09 /* FourClass */ = {
			isa = PBXGroup;
			children = (
				232BD46C2091A83A005E6E09 /* Controller */,
				232BD46E2091A83A005E6E09 /* Model */,
				232BD46D2091A83A005E6E09 /* View */,
			);
			path = FourClass;
			sourceTree = "<group>";
		};
		232BD4602091A7D2005E6E09 /* OneClass */ = {
			isa = PBXGroup;
			children = (
				232BD4642091A826005E6E09 /* Controller */,
				232BD4632091A826005E6E09 /* Model */,
				232BD4652091A826005E6E09 /* View */,
			);
			path = OneClass;
			sourceTree = "<group>";
		};
		232BD4612091A7D2005E6E09 /* ThreeClass */ = {
			isa = PBXGroup;
			children = (
				232BD46B2091A833005E6E09 /* Controller */,
				232BD46A2091A833005E6E09 /* Model */,
				232BD4692091A833005E6E09 /* View */,
			);
			path = ThreeClass;
			sourceTree = "<group>";
		};
		232BD4622091A7D2005E6E09 /* TwoClass */ = {
			isa = PBXGroup;
			children = (
				232BD4662091A82D005E6E09 /* Controller */,
				232BD4672091A82D005E6E09 /* Model */,
				232BD4682091A82D005E6E09 /* View */,
			);
			path = TwoClass;
			sourceTree = "<group>";
		};
		232BD4632091A826005E6E09 /* Model */ = {
			isa = PBXGroup;
			children = (
			);
			path = Model;
			sourceTree = "<group>";
		};
		232BD4642091A826005E6E09 /* Controller */ = {
			isa = PBXGroup;
			children = (
				232BD47C2091A9C3005E6E09 /* SpringVC.h */,
				232BD47D2091A9C3005E6E09 /* SpringVC.m */,
			);
			path = Controller;
			sourceTree = "<group>";
		};
		232BD4652091A826005E6E09 /* View */ = {
			isa = PBXGroup;
			children = (
			);
			path = View;
			sourceTree = "<group>";
		};
		232BD4662091A82D005E6E09 /* Controller */ = {
			isa = PBXGroup;
			children = (
				232BD47F2091A9D4005E6E09 /* SummerVC.h */,
				232BD4802091A9D4005E6E09 /* SummerVC.m */,
			);
			path = Controller;
			sourceTree = "<group>";
		};
		232BD4672091A82D005E6E09 /* Model */ = {
			isa = PBXGroup;
			children = (
			);
			path = Model;
			sourceTree = "<group>";
		};
		232BD4682091A82D005E6E09 /* View */ = {
			isa = PBXGroup;
			children = (
			);
			path = View;
			sourceTree = "<group>";
		};
		232BD4692091A833005E6E09 /* View */ = {
			isa = PBXGroup;
			children = (
			);
			path = View;
			sourceTree = "<group>";
		};
		232BD46A2091A833005E6E09 /* Model */ = {
			isa = PBXGroup;
			children = (
			);
			path = Model;
			sourceTree = "<group>";
		};
		232BD46B2091A833005E6E09 /* Controller */ = {
			isa = PBXGroup;
			children = (
				232BD4822091A9EE005E6E09 /* AutumnVC.h */,
				232BD4832091A9EE005E6E09 /* AutumnVC.m */,
			);
			path = Controller;
			sourceTree = "<group>";
		};
		232BD46C2091A83A005E6E09 /* Controller */ = {
			isa = PBXGroup;
			children = (
				232BD4852091AA02005E6E09 /* WinterVC.h */,
				232BD4862091AA02005E6E09 /* WinterVC.m */,
			);
			path = Controller;
			sourceTree = "<group>";
		};
		232BD46D2091A83A005E6E09 /* View */ = {
			isa = PBXGroup;
			children = (
			);
			path = View;
			sourceTree = "<group>";
		};
		232BD46E2091A83A005E6E09 /* Model */ = {
			isa = PBXGroup;
			children = (
			);
			path = Model;
			sourceTree = "<group>";
		};
		232BD46F2091A864005E6E09 /* Base */ = {
			isa = PBXGroup;
			children = (
				232BD4962091B3D0005E6E09 /* Setting */,
				232BD4732091A8C6005E6E09 /* Controller */,
				232BD4742091A8C6005E6E09 /* Model */,
				232BD4752091A8C6005E6E09 /* View */,
			);
			path = Base;
			sourceTree = "<group>";
		};
		232BD4732091A8C6005E6E09 /* Controller */ = {
			isa = PBXGroup;
			children = (
				232BD4702091A87A005E6E09 /* BaseViewController.h */,
				232BD4712091A87A005E6E09 /* BaseViewController.m */,
				232BD4892091AA6E005E6E09 /* BaseTabbarVC.h */,
				232BD48A2091AA6E005E6E09 /* BaseTabbarVC.m */,
				232BD48F2091ABFB005E6E09 /* BaseNavigationController.h */,
				232BD4902091ABFB005E6E09 /* BaseNavigationController.m */,
			);
			path = Controller;
			sourceTree = "<group>";
		};
		232BD4742091A8C6005E6E09 /* Model */ = {
			isa = PBXGroup;
			children = (
				232BD4792091A8F0005E6E09 /* BaseModel.h */,
				232BD47A2091A8F0005E6E09 /* BaseModel.m */,
			);
			path = Model;
			sourceTree = "<group>";
		};
		232BD4752091A8C6005E6E09 /* View */ = {
			isa = PBXGroup;
			children = (
				232BD4762091A8E1005E6E09 /* BaseView.h */,
				232BD4772091A8E1005E6E09 /* BaseView.m */,
			);
			path = View;
			sourceTree = "<group>";
		};
		232BD4882091AA1A005E6E09 /* Main */ = {
			isa = PBXGroup;
			children = (
				232BD48C2091AA8C005E6E09 /* RootTabbarVC.h */,
				232BD48D2091AA8C005E6E09 /* RootTabbarVC.m */,
			);
			path = Main;
			sourceTree = "<group>";
		};
		232BD4962091B3D0005E6E09 /* Setting */ = {
			isa = PBXGroup;
			children = (
				232BD4972091B3D0005E6E09 /* BaseSetting.h */,
			);
			path = Setting;
			sourceTree = "<group>";
		};
		234D2AF9208EFEB300AF8279 = {
			isa = PBXGroup;
			children = (
				234D2B04208EFEB300AF8279 /* MHZCollectionItems */,
				234D2B03208EFEB300AF8279 /* Products */,
				27E3C83BF3EB2BF5706F24E3 /* Pods */,
				E8A57CC9503435D231EDA871 /* Frameworks */,
			);
			sourceTree = "<group>";
		};
		234D2B03208EFEB300AF8279 /* Products */ = {
			isa = PBXGroup;
			children = (
				234D2B02208EFEB300AF8279 /* MHZCollectionItems.app */,
			);
			name = Products;
			sourceTree = "<group>";
		};
		234D2B04208EFEB300AF8279 /* MHZCollectionItems */ = {
			isa = PBXGroup;
			children = (
				232BD46F2091A864005E6E09 /* Base */,
				2329529320902BEB00EBD41F /* Utils */,
				234D2B1B208F076100AF8279 /* Category */,
				232BD45E2091A7D2005E6E09 /* Class */,
				232BD4882091AA1A005E6E09 /* Main */,
				234D2B20208F07E500AF8279 /* Supporting Files */,
				234D2B05208EFEB300AF8279 /* AppDelegate.h */,
				234D2B06208EFEB300AF8279 /* AppDelegate.m */,
				234D2B08208EFEB300AF8279 /* ViewController.h */,
				234D2B09208EFEB300AF8279 /* ViewController.m */,
			);
			path = MHZCollectionItems;
			sourceTree = "<group>";
		};
		234D2B1B208F076100AF8279 /* Category */ = {
			isa = PBXGroup;
			children = (
				234D2B1C208F076100AF8279 /* Category+Appdelegate */,
			);
			path = Category;
			sourceTree = "<group>";
		};
		234D2B1C208F076100AF8279 /* Category+Appdelegate */ = {
			isa = PBXGroup;
			children = (
				234D2B22208F350C00AF8279 /* AppDelegate+JPush.h */,
				234D2B21208F350C00AF8279 /* AppDelegate+JPush.m */,
				234D2B1D208F07A900AF8279 /* AppDelegate+Bugly.h */,
				234D2B1E208F07A900AF8279 /* AppDelegate+Bugly.m */,
				23295298209034A000EBD41F /* AppDelegate+UMAnalytics.h */,
				23295299209034A000EBD41F /* AppDelegate+UMAnalytics.m */,
				232BD45B209182FA005E6E09 /* AppDelegate+ThirdPort.h */,
				232BD45C209182FA005E6E09 /* AppDelegate+ThirdPort.m */,
			);
			path = "Category+Appdelegate";
			sourceTree = "<group>";
		};
		234D2B20208F07E500AF8279 /* Supporting Files */ = {
			isa = PBXGroup;
			children = (
				234D2B0B208EFEB300AF8279 /* Main.storyboard */,
				234D2B0E208EFEB500AF8279 /* Assets.xcassets */,
				234D2B10208EFEB500AF8279 /* LaunchScreen.storyboard */,
				234D2B13208EFEB500AF8279 /* Info.plist */,
				234D2B14208EFEB500AF8279 /* main.m */,
				2329529420902C1400EBD41F /* Header.h */,
			);
			path = "Supporting Files";
			sourceTree = "<group>";
		};
		27E3C83BF3EB2BF5706F24E3 /* Pods */ = {
			isa = PBXGroup;
			children = (
				D1C70CD59D625F93669C8121 /* Pods-MHZCollectionItems.debug.xcconfig */,
				BAB1244E75E263488729A4FE /* Pods-MHZCollectionItems.release.xcconfig */,
			);
			name = Pods;
			sourceTree = "<group>";
		};
		E8A57CC9503435D231EDA871 /* Frameworks */ = {
			isa = PBXGroup;
			children = (
				065533BBCBD4AC6FB26599D0 /* Pods_MHZCollectionItems.framework */,
			);
			name = Frameworks;
			sourceTree = "<group>";
		};
/* End PBXGroup section */

/* Begin PBXNativeTarget section */
		234D2B01208EFEB300AF8279 /* MHZCollectionItems */ = {
			isa = PBXNativeTarget;
			buildConfigurationList = 234D2B18208EFEB500AF8279 /* Build configuration list for PBXNativeTarget "MHZCollectionItems" */;
			buildPhases = (
				AFC0BE455E15E843E576CD89 /* [CP] Check Pods Manifest.lock */,
				234D2AFE208EFEB300AF8279 /* Sources */,
				234D2AFF208EFEB300AF8279 /* Frameworks */,
				234D2B00208EFEB300AF8279 /* Resources */,
				3A04461D7E518739CF28DFEB /* [CP] Embed Pods Frameworks */,
			);
			buildRules = (
			);
			dependencies = (
			);
			name = MHZCollectionItems;
			productName = MHZCollectionItems;
			productReference = 234D2B02208EFEB300AF8279 /* MHZCollectionItems.app */;
			productType = "com.apple.product-type.application";
		};
/* End PBXNativeTarget section */

/* Begin PBXProject section */
		234D2AFA208EFEB300AF8279 /* Project object */ = {
			isa = PBXProject;
			attributes = {
				LastUpgradeCheck = 0930;
				ORGANIZATIONNAME = HachiTech;
				TargetAttributes = {
					234D2B01208EFEB300AF8279 = {
						CreatedOnToolsVersion = 9.3;
					};
				};
			};
			buildConfigurationList = 234D2AFD208EFEB300AF8279 /* Build configuration list for PBXProject "MHZCollectionItems" */;
			compatibilityVersion = "Xcode 9.3";
			developmentRegion = en;
			hasScannedForEncodings = 0;
			knownRegions = (
				en,
				Base,
			);
			mainGroup = 234D2AF9208EFEB300AF8279;
			productRefGroup = 234D2B03208EFEB300AF8279 /* Products */;
			projectDirPath = "";
			projectRoot = "";
			targets = (
				234D2B01208EFEB300AF8279 /* MHZCollectionItems */,
			);
		};
/* End PBXProject section */

/* Begin PBXResourcesBuildPhase section */
		234D2B00208EFEB300AF8279 /* Resources */ = {
			isa = PBXResourcesBuildPhase;
			buildActionMask = 2147483647;
			files = (
				234D2B12208EFEB500AF8279 /* LaunchScreen.storyboard in Resources */,
				234D2B0F208EFEB500AF8279 /* Assets.xcassets in Resources */,
				234D2B0D208EFEB300AF8279 /* Main.storyboard in Resources */,
			);
			runOnlyForDeploymentPostprocessing = 0;
		};
/* End PBXResourcesBuildPhase section */

/* Begin PBXShellScriptBuildPhase section */
		3A04461D7E518739CF28DFEB /* [CP] Embed Pods Frameworks */ = {
			isa = PBXShellScriptBuildPhase;
			buildActionMask = 2147483647;
			files = (
			);
			inputPaths = (
				"${SRCROOT}/Pods/Target Support Files/Pods-MHZCollectionItems/Pods-MHZCollectionItems-frameworks.sh",
				"${BUILT_PRODUCTS_DIR}/AvoidCrash/AvoidCrash.framework",
				"${BUILT_PRODUCTS_DIR}/Masonry/Masonry.framework",
			);
			name = "[CP] Embed Pods Frameworks";
			outputPaths = (
				"${TARGET_BUILD_DIR}/${FRAMEWORKS_FOLDER_PATH}/AvoidCrash.framework",
				"${TARGET_BUILD_DIR}/${FRAMEWORKS_FOLDER_PATH}/Masonry.framework",
			);
			runOnlyForDeploymentPostprocessing = 0;
			shellPath = /bin/sh;
			shellScript = "\"${SRCROOT}/Pods/Target Support Files/Pods-MHZCollectionItems/Pods-MHZCollectionItems-frameworks.sh\"\n";
			showEnvVarsInLog = 0;
		};
		AFC0BE455E15E843E576CD89 /* [CP] Check Pods Manifest.lock */ = {
			isa = PBXShellScriptBuildPhase;
			buildActionMask = 2147483647;
			files = (
			);
			inputPaths = (
				"${PODS_PODFILE_DIR_PATH}/Podfile.lock",
				"${PODS_ROOT}/Manifest.lock",
			);
			name = "[CP] Check Pods Manifest.lock";
			outputPaths = (
				"$(DERIVED_FILE_DIR)/Pods-MHZCollectionItems-checkManifestLockResult.txt",
			);
			runOnlyForDeploymentPostprocessing = 0;
			shellPath = /bin/sh;
			shellScript = "diff \"${PODS_PODFILE_DIR_PATH}/Podfile.lock\" \"${PODS_ROOT}/Manifest.lock\" > /dev/null\nif [ $? != 0 ] ; then\n    # print error to STDERR\n    echo \"error: The sandbox is not in sync with the Podfile.lock. Run 'pod install' or update your CocoaPods installation.\" >&2\n    exit 1\nfi\n# This output is used by Xcode 'outputs' to avoid re-running this script phase.\necho \"SUCCESS\" > \"${SCRIPT_OUTPUT_FILE_0}\"\n";
			showEnvVarsInLog = 0;
		};
/* End PBXShellScriptBuildPhase section */

/* Begin PBXSourcesBuildPhase section */
		234D2AFE208EFEB300AF8279 /* Sources */ = {
			isa = PBXSourcesBuildPhase;
			buildActionMask = 2147483647;
			files = (
				234D2B1F208F07A900AF8279 /* AppDelegate+Bugly.m in Sources */,
				232BD4722091A87A005E6E09 /* BaseViewController.m in Sources */,
				232BD48E2091AA8C005E6E09 /* RootTabbarVC.m in Sources */,
				232BD4782091A8E1005E6E09 /* BaseView.m in Sources */,
				2329529A209034A000EBD41F /* AppDelegate+UMAnalytics.m in Sources */,
				232BD4842091A9EE005E6E09 /* AutumnVC.m in Sources */,
				232BD47E2091A9C3005E6E09 /* SpringVC.m in Sources */,
				232BD4942091AE03005E6E09 /* Helper.m in Sources */,
				234D2B0A208EFEB300AF8279 /* ViewController.m in Sources */,
				232BD45D209182FA005E6E09 /* AppDelegate+ThirdPort.m in Sources */,
				232BD4812091A9D4005E6E09 /* SummerVC.m in Sources */,
				232BD4872091AA02005E6E09 /* WinterVC.m in Sources */,
				232BD4912091ABFB005E6E09 /* BaseNavigationController.m in Sources */,
				234D2B15208EFEB500AF8279 /* main.m in Sources */,
				234D2B07208EFEB300AF8279 /* AppDelegate.m in Sources */,
				232BD47B2091A8F0005E6E09 /* BaseModel.m in Sources */,
				232BD48B2091AA6E005E6E09 /* BaseTabbarVC.m in Sources */,
				234D2B23208F350D00AF8279 /* AppDelegate+JPush.m in Sources */,
			);
			runOnlyForDeploymentPostprocessing = 0;
		};
/* End PBXSourcesBuildPhase section */

/* Begin PBXVariantGroup section */
		234D2B0B208EFEB300AF8279 /* Main.storyboard */ = {
			isa = PBXVariantGroup;
			children = (
				234D2B0C208EFEB300AF8279 /* Base */,
			);
			name = Main.storyboard;
			sourceTree = "<group>";
		};
		234D2B10208EFEB500AF8279 /* LaunchScreen.storyboard */ = {
			isa = PBXVariantGroup;
			children = (
				234D2B11208EFEB500AF8279 /* Base */,
			);
			name = LaunchScreen.storyboard;
			sourceTree = "<group>";
		};
/* End PBXVariantGroup section */

/* Begin XCBuildConfiguration section */
		234D2B16208EFEB500AF8279 /* Debug */ = {
			isa = XCBuildConfiguration;
			buildSettings = {
				ALWAYS_SEARCH_USER_PATHS = NO;
				CLANG_ANALYZER_NONNULL = YES;
				CLANG_ANALYZER_NUMBER_OBJECT_CONVERSION = YES_AGGRESSIVE;
				CLANG_CXX_LANGUAGE_STANDARD = "gnu++14";
				CLANG_CXX_LIBRARY = "libc++";
				CLANG_ENABLE_MODULES = YES;
				CLANG_ENABLE_OBJC_ARC = YES;
				CLANG_ENABLE_OBJC_WEAK = YES;
				CLANG_WARN_BLOCK_CAPTURE_AUTORELEASING = YES;
				CLANG_WARN_BOOL_CONVERSION = YES;
				CLANG_WARN_COMMA = YES;
				CLANG_WARN_CONSTANT_CONVERSION = YES;
				CLANG_WARN_DEPRECATED_OBJC_IMPLEMENTATIONS = YES;
				CLANG_WARN_DIRECT_OBJC_ISA_USAGE = YES_ERROR;
				CLANG_WARN_DOCUMENTATION_COMMENTS = YES;
				CLANG_WARN_EMPTY_BODY = YES;
				CLANG_WARN_ENUM_CONVERSION = YES;
				CLANG_WARN_INFINITE_RECURSION = YES;
				CLANG_WARN_INT_CONVERSION = YES;
				CLANG_WARN_NON_LITERAL_NULL_CONVERSION = YES;
				CLANG_WARN_OBJC_IMPLICIT_RETAIN_SELF = YES;
				CLANG_WARN_OBJC_LITERAL_CONVERSION = YES;
				CLANG_WARN_OBJC_ROOT_CLASS = YES_ERROR;
				CLANG_WARN_RANGE_LOOP_ANALYSIS = YES;
				CLANG_WARN_STRICT_PROTOTYPES = YES;
				CLANG_WARN_SUSPICIOUS_MOVE = YES;
				CLANG_WARN_UNGUARDED_AVAILABILITY = YES_AGGRESSIVE;
				CLANG_WARN_UNREACHABLE_CODE = YES;
				CLANG_WARN__DUPLICATE_METHOD_MATCH = YES;
				CODE_SIGN_IDENTITY = "iPhone Developer";
				COPY_PHASE_STRIP = NO;
				DEBUG_INFORMATION_FORMAT = dwarf;
				ENABLE_STRICT_OBJC_MSGSEND = YES;
				ENABLE_TESTABILITY = YES;
				GCC_C_LANGUAGE_STANDARD = gnu11;
				GCC_DYNAMIC_NO_PIC = NO;
				GCC_NO_COMMON_BLOCKS = YES;
				GCC_OPTIMIZATION_LEVEL = 0;
				GCC_PREPROCESSOR_DEFINITIONS = (
					"DEBUG=1",
					"$(inherited)",
				);
				GCC_WARN_64_TO_32_BIT_CONVERSION = YES;
				GCC_WARN_ABOUT_RETURN_TYPE = YES_ERROR;
				GCC_WARN_UNDECLARED_SELECTOR = YES;
				GCC_WARN_UNINITIALIZED_AUTOS = YES_AGGRESSIVE;
				GCC_WARN_UNUSED_FUNCTION = YES;
				GCC_WARN_UNUSED_VARIABLE = YES;
				IPHONEOS_DEPLOYMENT_TARGET = 11.3;
				MTL_ENABLE_DEBUG_INFO = YES;
				ONLY_ACTIVE_ARCH = YES;
				SDKROOT = iphoneos;
			};
			name = Debug;
		};
		234D2B17208EFEB500AF8279 /* Release */ = {
			isa = XCBuildConfiguration;
			buildSettings = {
				ALWAYS_SEARCH_USER_PATHS = NO;
				CLANG_ANALYZER_NONNULL = YES;
				CLANG_ANALYZER_NUMBER_OBJECT_CONVERSION = YES_AGGRESSIVE;
				CLANG_CXX_LANGUAGE_STANDARD = "gnu++14";
				CLANG_CXX_LIBRARY = "libc++";
				CLANG_ENABLE_MODULES = YES;
				CLANG_ENABLE_OBJC_ARC = YES;
				CLANG_ENABLE_OBJC_WEAK = YES;
				CLANG_WARN_BLOCK_CAPTURE_AUTORELEASING = YES;
				CLANG_WARN_BOOL_CONVERSION = YES;
				CLANG_WARN_COMMA = YES;
				CLANG_WARN_CONSTANT_CONVERSION = YES;
				CLANG_WARN_DEPRECATED_OBJC_IMPLEMENTATIONS = YES;
				CLANG_WARN_DIRECT_OBJC_ISA_USAGE = YES_ERROR;
				CLANG_WARN_DOCUMENTATION_COMMENTS = YES;
				CLANG_WARN_EMPTY_BODY = YES;
				CLANG_WARN_ENUM_CONVERSION = YES;
				CLANG_WARN_INFINITE_RECURSION = YES;
				CLANG_WARN_INT_CONVERSION = YES;
				CLANG_WARN_NON_LITERAL_NULL_CONVERSION = YES;
				CLANG_WARN_OBJC_IMPLICIT_RETAIN_SELF = YES;
				CLANG_WARN_OBJC_LITERAL_CONVERSION = YES;
				CLANG_WARN_OBJC_ROOT_CLASS = YES_ERROR;
				CLANG_WARN_RANGE_LOOP_ANALYSIS = YES;
				CLANG_WARN_STRICT_PROTOTYPES = YES;
				CLANG_WARN_SUSPICIOUS_MOVE = YES;
				CLANG_WARN_UNGUARDED_AVAILABILITY = YES_AGGRESSIVE;
				CLANG_WARN_UNREACHABLE_CODE = YES;
				CLANG_WARN__DUPLICATE_METHOD_MATCH = YES;
				CODE_SIGN_IDENTITY = "iPhone Developer";
				COPY_PHASE_STRIP = NO;
				DEBUG_INFORMATION_FORMAT = "dwarf-with-dsym";
				ENABLE_NS_ASSERTIONS = NO;
				ENABLE_STRICT_OBJC_MSGSEND = YES;
				GCC_C_LANGUAGE_STANDARD = gnu11;
				GCC_NO_COMMON_BLOCKS = YES;
				GCC_WARN_64_TO_32_BIT_CONVERSION = YES;
				GCC_WARN_ABOUT_RETURN_TYPE = YES_ERROR;
				GCC_WARN_UNDECLARED_SELECTOR = YES;
				GCC_WARN_UNINITIALIZED_AUTOS = YES_AGGRESSIVE;
				GCC_WARN_UNUSED_FUNCTION = YES;
				GCC_WARN_UNUSED_VARIABLE = YES;
				IPHONEOS_DEPLOYMENT_TARGET = 11.3;
				MTL_ENABLE_DEBUG_INFO = NO;
				SDKROOT = iphoneos;
				VALIDATE_PRODUCT = YES;
			};
			name = Release;
		};
		234D2B19208EFEB500AF8279 /* Debug */ = {
			isa = XCBuildConfiguration;
			baseConfigurationReference = D1C70CD59D625F93669C8121 /* Pods-MHZCollectionItems.debug.xcconfig */;
			buildSettings = {
				ASSETCATALOG_COMPILER_APPICON_NAME = AppIcon;
				CODE_SIGN_STYLE = Automatic;
				DEBUG_INFORMATION_FORMAT = "dwarf-with-dsym";
				DEVELOPMENT_TEAM = 94KPU2F73G;
				GCC_PREFIX_HEADER = "$(SRCROOT)/MHZCollectionItems/Supporting Files/Header.h";
				INFOPLIST_FILE = "MHZCollectionItems/Supporting Files/Info.plist";
				IPHONEOS_DEPLOYMENT_TARGET = 10.0;
				LD_RUNPATH_SEARCH_PATHS = (
					"$(inherited)",
					"@executable_path/Frameworks",
				);
				PRODUCT_BUNDLE_IDENTIFIER = com.hachizhineng.MHZCollectionItems;
				PRODUCT_NAME = "$(TARGET_NAME)";
				TARGETED_DEVICE_FAMILY = 1;
			};
			name = Debug;
		};
		234D2B1A208EFEB500AF8279 /* Release */ = {
			isa = XCBuildConfiguration;
			baseConfigurationReference = BAB1244E75E263488729A4FE /* Pods-MHZCollectionItems.release.xcconfig */;
			buildSettings = {
				ASSETCATALOG_COMPILER_APPICON_NAME = AppIcon;
				CODE_SIGN_STYLE = Automatic;
				DEVELOPMENT_TEAM = 94KPU2F73G;
				GCC_PREFIX_HEADER = "$(SRCROOT)/MHZCollectionItems/Supporting Files/Header.h";
				INFOPLIST_FILE = "MHZCollectionItems/Supporting Files/Info.plist";
				IPHONEOS_DEPLOYMENT_TARGET = 10.0;
				LD_RUNPATH_SEARCH_PATHS = (
					"$(inherited)",
					"@executable_path/Frameworks",
				);
				PRODUCT_BUNDLE_IDENTIFIER = com.hachizhineng.MHZCollectionItems;
				PRODUCT_NAME = "$(TARGET_NAME)";
				TARGETED_DEVICE_FAMILY = 1;
			};
			name = Release;
		};
/* End XCBuildConfiguration section */

/* Begin XCConfigurationList section */
		234D2AFD208EFEB300AF8279 /* Build configuration list for PBXProject "MHZCollectionItems" */ = {
			isa = XCConfigurationList;
			buildConfigurations = (
				234D2B16208EFEB500AF8279 /* Debug */,
				234D2B17208EFEB500AF8279 /* Release */,
			);
			defaultConfigurationIsVisible = 0;
			defaultConfigurationName = Release;
		};
		234D2B18208EFEB500AF8279 /* Build configuration list for PBXNativeTarget "MHZCollectionItems" */ = {
			isa = XCConfigurationList;
			buildConfigurations = (
				234D2B19208EFEB500AF8279 /* Debug */,
				234D2B1A208EFEB500AF8279 /* Release */,
			);
			defaultConfigurationIsVisible = 0;
			defaultConfigurationName = Release;
		};
/* End XCConfigurationList section */
	};
	rootObject = 234D2AFA208EFEB300AF8279 /* Project object */;
}
